
Microsoft Visual Studio Solution File, Format Version 12.00
# Visual Studio Version 17
VisualStudioVersion = 17.14.36408.4
MinimumVisualStudioVersion = 10.0.40219.1
Project("{FAE04EC0-301F-11D3-BF4B-00C04F79EFBC}") = "Klase", "Klase\Klase.csproj", "{90325D4C-4B58-4FD9-9153-94A592B53B6E}"
EndProject
Project("{FAE04EC0-301F-11D3-BF4B-00C04F79EFBC}") = "Client", "Client\Client.csproj", "{7952B3E4-AAF3-46E5-8FE6-80A2950498C7}"
EndProject
Project("{FAE04EC0-301F-11D3-BF4B-00C04F79EFBC}") = "Server", "Server\Server.csproj", "{63F9EB63-F9CD-4046-B4C8-D0FFF474C5BE}"
EndProject
Global
	GlobalSection(SolutionConfigurationPlatforms) = preSolution
		Debug|Any CPU = Debug|Any CPU
		Release|Any CPU = Release|Any CPU
	EndGlobalSection
	GlobalSection(ProjectConfigurationPlatforms) = postSolution
		{90325D4C-4B58-4FD9-9153-94A592B53B6E}.Debug|Any CPU.ActiveCfg = Debug|Any CPU
		{90325D4C-4B58-4FD9-9153-94A592B53B6E}.Debug|Any CPU.Build.0 = Debug|Any CPU
		{90325D4C-4B58-4FD9-9153-94A592B53B6E}.Release|Any CPU.ActiveCfg = Release|Any CPU
		{90325D4C-4B58-4FD9-9153-94A592B53B6E}.Release|Any CPU.Build.0 = Release|Any CPU
		{7952B3E4-AAF3-46E5-8FE6-80A2950498C7}.Debug|Any CPU.ActiveCfg = Debug|Any CPU
		{7952B3E4-AAF3-46E5-8FE6-80A2950498C7}.Debug|Any CPU.Build.0 = Debug|Any CPU
		{7952B3E4-AAF3-46E5-8FE6-80A2950498C7}.Release|Any CPU.ActiveCfg = Release|Any CPU
		{7952B3E4-AAF3-46E5-8FE6-80A2950498C7}.Release|Any CPU.Build.0 = Release|Any CPU
		{63F9EB63-F9CD-4046-B4C8-D0FFF474C5BE}.Debug|Any CPU.ActiveCfg = Debug|Any CPU
		{63F9EB63-F9CD-4046-B4C8-D0FFF474C5BE}.Debug|Any CPU.Build.0 = Debug|Any CPU
		{63F9EB63-F9CD-4046-B4C8-D0FFF474C5BE}.Release|Any CPU.ActiveCfg = Release|Any CPU
		{63F9EB63-F9CD-4046-B4C8-D0FFF474C5BE}.Release|Any CPU.Build.0 = Release|Any CPU
	EndGlobalSection
	GlobalSection(SolutionProperties) = preSolution
		HideSolutionNode = FALSE
	EndGlobalSection
	GlobalSection(ExtensibilityGlobals) = postSolution
		SolutionGuid = {F381C222-220D-4517-9542-C61C3E35F7BA}
	EndGlobalSection
EndGlobal
